
Microsoft Visual Studio Solution File, Format Version 12.00
# Visual Studio 15
VisualStudioVersion = 15.0.28010.2050
MinimumVisualStudioVersion = 10.0.40219.1
Project("{FAE04EC0-301F-11D3-BF4B-00C04F79EFBC}") = "IZrune.PCL", "IZrune.PCL\IZrune.PCL.csproj", "{2C4271EF-3C29-47C8-8210-757476B6B263}"
EndProject
Project("{9A19103F-16F7-4668-BE54-9A1E7A4F7556}") = "IZrune.TransferModels", "IZrune.TransferModels\IZrune.TransferModels.csproj", "{66E25027-2F89-4EC7-8618-A296D735AD8F}"
EndProject
Project("{FAE04EC0-301F-11D3-BF4B-00C04F79EFBC}") = "Izrune.iOS", "Izrune.iOS\Izrune.iOS.csproj", "{84BC55D6-6F4E-465E-B3F2-78673C9C4C7F}"
EndProject
Project("{FAE04EC0-301F-11D3-BF4B-00C04F79EFBC}") = "ConsoleApp2", "ConsoleApp2\ConsoleApp2.csproj", "{CECA1DDD-F4F2-4C3E-86B4-700B35D30DC5}"
EndProject
Project("{9344BDBB-3E7F-41FC-A0DD-8665D75EE146}") = "Izrune.Droid", "Izrune\Izrune.Droid.csproj", "{D665C00A-DA4C-4719-9838-D2672282EC55}"
EndProject
Global
	GlobalSection(SolutionConfigurationPlatforms) = preSolution
		Debug|Any CPU = Debug|Any CPU
		Release|Any CPU = Release|Any CPU
		Debug|iPhoneSimulator = Debug|iPhoneSimulator
		Release|iPhoneSimulator = Release|iPhoneSimulator
		Debug|iPhone = Debug|iPhone
		Release|iPhone = Release|iPhone
	EndGlobalSection
	GlobalSection(ProjectConfigurationPlatforms) = postSolution
		{2C4271EF-3C29-47C8-8210-757476B6B263}.Debug|Any CPU.ActiveCfg = Debug|Any CPU
		{2C4271EF-3C29-47C8-8210-757476B6B263}.Debug|Any CPU.Build.0 = Debug|Any CPU
		{2C4271EF-3C29-47C8-8210-757476B6B263}.Release|Any CPU.ActiveCfg = Release|Any CPU
		{2C4271EF-3C29-47C8-8210-757476B6B263}.Release|Any CPU.Build.0 = Release|Any CPU
		{2C4271EF-3C29-47C8-8210-757476B6B263}.Debug|iPhoneSimulator.ActiveCfg = Debug|Any CPU
		{2C4271EF-3C29-47C8-8210-757476B6B263}.Debug|iPhoneSimulator.Build.0 = Debug|Any CPU
		{2C4271EF-3C29-47C8-8210-757476B6B263}.Release|iPhoneSimulator.ActiveCfg = Release|Any CPU
		{2C4271EF-3C29-47C8-8210-757476B6B263}.Release|iPhoneSimulator.Build.0 = Release|Any CPU
		{2C4271EF-3C29-47C8-8210-757476B6B263}.Debug|iPhone.ActiveCfg = Debug|Any CPU
		{2C4271EF-3C29-47C8-8210-757476B6B263}.Debug|iPhone.Build.0 = Debug|Any CPU
		{2C4271EF-3C29-47C8-8210-757476B6B263}.Release|iPhone.ActiveCfg = Release|Any CPU
		{2C4271EF-3C29-47C8-8210-757476B6B263}.Release|iPhone.Build.0 = Release|Any CPU
		{66E25027-2F89-4EC7-8618-A296D735AD8F}.Debug|Any CPU.ActiveCfg = Debug|Any CPU
		{66E25027-2F89-4EC7-8618-A296D735AD8F}.Debug|Any CPU.Build.0 = Debug|Any CPU
		{66E25027-2F89-4EC7-8618-A296D735AD8F}.Release|Any CPU.ActiveCfg = Release|Any CPU
		{66E25027-2F89-4EC7-8618-A296D735AD8F}.Release|Any CPU.Build.0 = Release|Any CPU
		{66E25027-2F89-4EC7-8618-A296D735AD8F}.Debug|iPhoneSimulator.ActiveCfg = Debug|Any CPU
		{66E25027-2F89-4EC7-8618-A296D735AD8F}.Debug|iPhoneSimulator.Build.0 = Debug|Any CPU
		{66E25027-2F89-4EC7-8618-A296D735AD8F}.Release|iPhoneSimulator.ActiveCfg = Release|Any CPU
		{66E25027-2F89-4EC7-8618-A296D735AD8F}.Release|iPhoneSimulator.Build.0 = Release|Any CPU
		{66E25027-2F89-4EC7-8618-A296D735AD8F}.Debug|iPhone.ActiveCfg = Debug|Any CPU
		{66E25027-2F89-4EC7-8618-A296D735AD8F}.Debug|iPhone.Build.0 = Debug|Any CPU
		{66E25027-2F89-4EC7-8618-A296D735AD8F}.Release|iPhone.ActiveCfg = Release|Any CPU
		{66E25027-2F89-4EC7-8618-A296D735AD8F}.Release|iPhone.Build.0 = Release|Any CPU
		{84BC55D6-6F4E-465E-B3F2-78673C9C4C7F}.Debug|Any CPU.ActiveCfg = Debug|iPhoneSimulator
		{84BC55D6-6F4E-465E-B3F2-78673C9C4C7F}.Debug|Any CPU.Build.0 = Debug|iPhoneSimulator
		{84BC55D6-6F4E-465E-B3F2-78673C9C4C7F}.Release|Any CPU.ActiveCfg = Release|iPhoneSimulator
		{84BC55D6-6F4E-465E-B3F2-78673C9C4C7F}.Release|Any CPU.Build.0 = Release|iPhoneSimulator
		{84BC55D6-6F4E-465E-B3F2-78673C9C4C7F}.Debug|iPhoneSimulator.ActiveCfg = Debug|iPhoneSimulator
		{84BC55D6-6F4E-465E-B3F2-78673C9C4C7F}.Debug|iPhoneSimulator.Build.0 = Debug|iPhoneSimulator
		{84BC55D6-6F4E-465E-B3F2-78673C9C4C7F}.Release|iPhoneSimulator.ActiveCfg = Release|iPhoneSimulator
		{84BC55D6-6F4E-465E-B3F2-78673C9C4C7F}.Release|iPhoneSimulator.Build.0 = Release|iPhoneSimulator
		{84BC55D6-6F4E-465E-B3F2-78673C9C4C7F}.Debug|iPhone.ActiveCfg = Debug|iPhone
		{84BC55D6-6F4E-465E-B3F2-78673C9C4C7F}.Debug|iPhone.Build.0 = Debug|iPhone
		{84BC55D6-6F4E-465E-B3F2-78673C9C4C7F}.Release|iPhone.ActiveCfg = Release|iPhone
		{84BC55D6-6F4E-465E-B3F2-78673C9C4C7F}.Release|iPhone.Build.0 = Release|iPhone
		{CECA1DDD-F4F2-4C3E-86B4-700B35D30DC5}.Debug|Any CPU.ActiveCfg = Debug|Any CPU
		{CECA1DDD-F4F2-4C3E-86B4-700B35D30DC5}.Debug|Any CPU.Build.0 = Debug|Any CPU
		{CECA1DDD-F4F2-4C3E-86B4-700B35D30DC5}.Release|Any CPU.ActiveCfg = Release|Any CPU
		{CECA1DDD-F4F2-4C3E-86B4-700B35D30DC5}.Release|Any CPU.Build.0 = Release|Any CPU
		{CECA1DDD-F4F2-4C3E-86B4-700B35D30DC5}.Debug|iPhoneSimulator.ActiveCfg = Debug|Any CPU
		{CECA1DDD-F4F2-4C3E-86B4-700B35D30DC5}.Release|iPhoneSimulator.ActiveCfg = Release|Any CPU
		{CECA1DDD-F4F2-4C3E-86B4-700B35D30DC5}.Debug|iPhone.ActiveCfg = Debug|Any CPU
		{CECA1DDD-F4F2-4C3E-86B4-700B35D30DC5}.Release|iPhone.ActiveCfg = Release|Any CPU
		{D665C00A-DA4C-4719-9838-D2672282EC55}.Debug|Any CPU.ActiveCfg = Debug|Any CPU
		{D665C00A-DA4C-4719-9838-D2672282EC55}.Debug|Any CPU.Build.0 = Debug|Any CPU
		{D665C00A-DA4C-4719-9838-D2672282EC55}.Debug|Any CPU.Deploy.0 = Debug|Any CPU
		{D665C00A-DA4C-4719-9838-D2672282EC55}.Release|Any CPU.ActiveCfg = Release|Any CPU
		{D665C00A-DA4C-4719-9838-D2672282EC55}.Release|Any CPU.Build.0 = Release|Any CPU
		{D665C00A-DA4C-4719-9838-D2672282EC55}.Release|Any CPU.Deploy.0 = Release|Any CPU
		{D665C00A-DA4C-4719-9838-D2672282EC55}.Debug|iPhoneSimulator.ActiveCfg = Debug|Any CPU
		{D665C00A-DA4C-4719-9838-D2672282EC55}.Release|iPhoneSimulator.ActiveCfg = Release|Any CPU
		{D665C00A-DA4C-4719-9838-D2672282EC55}.Debug|iPhone.ActiveCfg = Debug|Any CPU
		{D665C00A-DA4C-4719-9838-D2672282EC55}.Release|iPhone.ActiveCfg = Release|Any CPU
	EndGlobalSection
	GlobalSection(SolutionProperties) = preSolution
		HideSolutionNode = FALSE
	EndGlobalSection
	GlobalSection(ExtensibilityGlobals) = postSolution
		SolutionGuid = {E756FCE0-1CC2-40EF-92BC-6D369928F75F}
	EndGlobalSection
EndGlobal
